PODS:
  - customer_io (1.2.1):
    - CustomerIO/MessagingInApp (~> 2)
    - CustomerIO/Tracking (~> 2)
    - Flutter
  - CustomerIO/MessagingInApp (2.6.1):
    - CustomerIOMessagingInApp (= 2.6.1)
  - CustomerIO/MessagingPushAPN (2.6.1):
    - CustomerIOMessagingPushAPN (= 2.6.1)
  - CustomerIO/MessagingPushFCM (2.6.1):
    - CustomerIOMessagingPushFCM (= 2.6.1)
  - CustomerIO/Tracking (2.6.1):
    - CustomerIOTracking (= 2.6.1)
  - CustomerIOCommon (2.6.1)
  - CustomerIOMessagingInApp (2.6.1):
    - CustomerIOTracking (= 2.6.1)
    - Gist (= 3.2.2)
  - CustomerIOMessagingPush (2.6.1):
    - CustomerIOTracking (= 2.6.1)
  - CustomerIOMessagingPushAPN (2.6.1):
    - CustomerIOMessagingPush (= 2.6.1)
  - CustomerIOMessagingPushFCM (2.6.1):
    - CustomerIOMessagingPush (= 2.6.1)
  - CustomerIOTracking (2.6.1):
    - CustomerIOCommon (= 2.6.1)
  - FirebaseCore (10.10.0):
    - FirebaseCoreInternal (~> 10.0)
    - GoogleUtilities/Environment (~> 7.8)
    - GoogleUtilities/Logger (~> 7.8)
  - FirebaseCoreInternal (10.10.0):
    - "GoogleUtilities/NSData+zlib (~> 7.8)"
  - FirebaseInstallations (10.10.0):
    - FirebaseCore (~> 10.0)
    - GoogleUtilities/Environment (~> 7.8)
    - GoogleUtilities/UserDefaults (~> 7.8)
    - PromisesObjC (~> 2.1)
  - FirebaseMessaging (10.10.0):
    - FirebaseCore (~> 10.0)
    - FirebaseInstallations (~> 10.0)
    - GoogleDataTransport (~> 9.2)
    - GoogleUtilities/AppDelegateSwizzler (~> 7.8)
    - GoogleUtilities/Environment (~> 7.8)
    - GoogleUtilities/Reachability (~> 7.8)
    - GoogleUtilities/UserDefaults (~> 7.8)
    - nanopb (< 2.30910.0, >= 2.30908.0)
  - Flutter (1.0.0)
  - Gist (3.2.2)
  - GoogleDataTransport (9.2.3):
    - GoogleUtilities/Environment (~> 7.7)
    - nanopb (< 2.30910.0, >= 2.30908.0)
    - PromisesObjC (< 3.0, >= 1.2)
  - GoogleUtilities/AppDelegateSwizzler (7.11.1):
    - GoogleUtilities/Environment
    - GoogleUtilities/Logger
    - GoogleUtilities/Network
  - GoogleUtilities/Environment (7.11.1):
    - PromisesObjC (< 3.0, >= 1.2)
  - GoogleUtilities/Logger (7.11.1):
    - GoogleUtilities/Environment
  - GoogleUtilities/Network (7.11.1):
    - GoogleUtilities/Logger
    - "GoogleUtilities/NSData+zlib"
    - GoogleUtilities/Reachability
  - "GoogleUtilities/NSData+zlib (7.11.1)"
  - GoogleUtilities/Reachability (7.11.1):
    - GoogleUtilities/Logger
  - GoogleUtilities/UserDefaults (7.11.1):
    - GoogleUtilities/Logger
  - nanopb (2.30909.0):
    - nanopb/decode (= 2.30909.0)
    - nanopb/encode (= 2.30909.0)
  - nanopb/decode (2.30909.0)
  - nanopb/encode (2.30909.0)
  - package_info_plus (0.4.5):
    - Flutter
  - permission_handler_apple (9.1.0):
    - Flutter
  - PromisesObjC (2.2.0)
  - shared_preferences_foundation (0.0.1):
    - Flutter
    - FlutterMacOS

DEPENDENCIES:
  - customer_io (from `.symlinks/plugins/customer_io/ios`)
  - CustomerIO/MessagingPushAPN (~> 2)
  - CustomerIO/MessagingPushFCM (~> 2)
  - FirebaseMessaging
  - Flutter (from `Flutter`)
  - package_info_plus (from `.symlinks/plugins/package_info_plus/ios`)
  - permission_handler_apple (from `.symlinks/plugins/permission_handler_apple/ios`)
  - shared_preferences_foundation (from `.symlinks/plugins/shared_preferences_foundation/darwin`)

SPEC REPOS:
  trunk:
    - CustomerIO
    - CustomerIOCommon
    - CustomerIOMessagingInApp
    - CustomerIOMessagingPush
    - CustomerIOMessagingPushAPN
    - CustomerIOMessagingPushFCM
    - CustomerIOTracking
    - FirebaseCore
    - FirebaseCoreInternal
    - FirebaseInstallations
    - FirebaseMessaging
    - Gist
    - GoogleDataTransport
    - GoogleUtilities
    - nanopb
    - PromisesObjC

EXTERNAL SOURCES:
  customer_io:
    :path: ".symlinks/plugins/customer_io/ios"
  Flutter:
    :path: Flutter
  package_info_plus:
    :path: ".symlinks/plugins/package_info_plus/ios"
  permission_handler_apple:
    :path: ".symlinks/plugins/permission_handler_apple/ios"
  shared_preferences_foundation:
    :path: ".symlinks/plugins/shared_preferences_foundation/darwin"

SPEC CHECKSUMS:
  customer_io: 59487348e26344e57191590ee3fe74d245e0b321
  CustomerIO: de7c1a1e4728d764914d0f3b43fff6bef25d0a66
  CustomerIOCommon: 5807e52a781e7246cf31dccc462d74a07910ee26
  CustomerIOMessagingInApp: ea0042e30403f79dbb7f15bfb279f0e99bcc9388
  CustomerIOMessagingPush: f8e7b7133836c0d8d05a38c18c90870cfab6845a
  CustomerIOMessagingPushAPN: 3966f1a7618976e393e07521ba5542d6a1a7a8a4
  CustomerIOMessagingPushFCM: f719a7d1426b2f4c6fa3b29b4180399e813eafac
  CustomerIOTracking: 48ea93a09ebadb42fd09fd3294a1172efc355ffd
  FirebaseCore: d027ff503d37edb78db98429b11f580a24a7df2a
  FirebaseCoreInternal: 971029061d326000d65bfdc21f5502c75c8b0893
  FirebaseInstallations: 52153982b057d3afcb4e1fbb3eb0b6d00611e681
  FirebaseMessaging: 8a3b9a8b98ce72a42d22e69865cf662e38d2d6f5
  Flutter: f04841e97a9d0b0a8025694d0796dd46242b2854
  Gist: 20cc9afb7728fd584d31fb86528f19ebc087d190
  GoogleDataTransport: f0308f5905a745f94fb91fea9c6cbaf3831cb1bd
  GoogleUtilities: 9aa0ad5a7bc171f8bae016300bfcfa3fb8425749
  nanopb: b552cce312b6c8484180ef47159bc0f65a1f0431
  package_info_plus: fd030dabf36271f146f1f3beacd48f564b0f17f7
  permission_handler_apple: 8f116445eff3c0e7c65ad60f5fef5490aa94b4e4
  PromisesObjC: 09985d6d70fbe7878040aa746d78236e6946d2ef
  shared_preferences_foundation: e2dae3258e06f44cc55f49d42024fd8dd03c590c

PODFILE CHECKSUM: 1a8c2c8cefa63d63317c3a4316825c11ee2f3d73

COCOAPODS: 1.12.1
